
Microsoft Visual Studio Solution File, Format Version 12.00
# Visual Studio Version 17
VisualStudioVersion = 17.6.33829.357
MinimumVisualStudioVersion = 10.0.40219.1
Project("{8BC9CEB8-8B4A-11D0-8D11-00A0C91BC942}") = "Data_structure", "Data_structure\Data_structure.vcxproj", "{FAECA871-DE96-4B35-87D3-1A748A3913EF}"
EndProject
Global
	GlobalSection(SolutionConfigurationPlatforms) = preSolution
		Debug|x64 = Debug|x64
		Debug|x86 = Debug|x86
		Release|x64 = Release|x64
		Release|x86 = Release|x86
	EndGlobalSection
	GlobalSection(ProjectConfigurationPlatforms) = postSolution
		{FAECA871-DE96-4B35-87D3-1A748A3913EF}.Debug|x64.ActiveCfg = Debug|x64
		{FAECA871-DE96-4B35-87D3-1A748A3913EF}.Debug|x64.Build.0 = Debug|x64
		{FAECA871-DE96-4B35-87D3-1A748A3913EF}.Debug|x86.ActiveCfg = Debug|Win32
		{FAECA871-DE96-4B35-87D3-1A748A3913EF}.Debug|x86.Build.0 = Debug|Win32
		{FAECA871-DE96-4B35-87D3-1A748A3913EF}.Release|x64.ActiveCfg = Release|x64
		{FAECA871-DE96-4B35-87D3-1A748A3913EF}.Release|x64.Build.0 = Release|x64
		{FAECA871-DE96-4B35-87D3-1A748A3913EF}.Release|x86.ActiveCfg = Release|Win32
		{FAECA871-DE96-4B35-87D3-1A748A3913EF}.Release|x86.Build.0 = Release|Win32
	EndGlobalSection
	GlobalSection(SolutionProperties) = preSolution
		HideSolutionNode = FALSE
	EndGlobalSection
	GlobalSection(ExtensibilityGlobals) = postSolution
		SolutionGuid = {6FB732E5-F302-4113-A7FF-3F66486E690F}
	EndGlobalSection
EndGlobal
